{
  "name": "sysinfo-node",
  "version": "1.0.0",
  "lockfileVersion": 1,
  "requires": true,
  "dependencies": {
    "systeminformation": {
      "version": "4.23.1",
      "resolved": "https://registry.npmjs.org/systeminformation/-/systeminformation-4.23.1.tgz",
      "integrity": "sha512-gtqfvz5jUIMqWn0kkdkV4G8uiLmJckQ+z6aKy1uyE0OPU/6tStubahtZDiF0ajSRVJht+Vd4pX5DDwQLhAapww=="
    }
  }
}
